Microsoft Visual Studio Solution File, Format Version 11.00
# Visual Studio 2010
Project("{F184B08F-C81C-45F6-A57F-5ABD9991F28F}") = "DXGridDescendant", "DXGridDescendant\DXGridDescendant.vbproj", "{B29FDA84-4187-4890-A897-E9388F395741}"
EndProject
Project("{F184B08F-C81C-45F6-A57F-5ABD9991F28F}") = "CustomGridControl", "MyGridControl\CustomGridControl.vbproj", "{A87AE516-47BC-4543-8736-6D83D34549F8}"
EndProject
Global
	GlobalSection(SolutionConfigurationPlatforms) = preSolution
		Debug|Any CPU = Debug|Any CPU
		Release|Any CPU = Release|Any CPU
	EndGlobalSection
	GlobalSection(ProjectConfigurationPlatforms) = postSolution
		{B29FDA84-4187-4890-A897-E9388F395741}.Debug|Any CPU.ActiveCfg = Debug|Any CPU
		{B29FDA84-4187-4890-A897-E9388F395741}.Debug|Any CPU.Build.0 = Debug|Any CPU
		{B29FDA84-4187-4890-A897-E9388F395741}.Release|Any CPU.ActiveCfg = Release|Any CPU
		{B29FDA84-4187-4890-A897-E9388F395741}.Release|Any CPU.Build.0 = Release|Any CPU
		{A87AE516-47BC-4543-8736-6D83D34549F8}.Debug|Any CPU.ActiveCfg = Debug|Any CPU
		{A87AE516-47BC-4543-8736-6D83D34549F8}.Debug|Any CPU.Build.0 = Debug|Any CPU
		{A87AE516-47BC-4543-8736-6D83D34549F8}.Release|Any CPU.ActiveCfg = Release|Any CPU
		{A87AE516-47BC-4543-8736-6D83D34549F8}.Release|Any CPU.Build.0 = Release|Any CPU
	EndGlobalSection
	GlobalSection(SolutionProperties) = preSolution
		HideSolutionNode = FALSE
	EndGlobalSection
EndGlobal
